// !$*UTF8*$!
{
	archiveVersion = 1;
	classes = {
	};
	objectVersion = 46;
	objects = {

/* Begin PBXBuildFile section */
		110C00F11E0ECFA00017E1AE /* DetailVC.swift in Sources */ = {isa = PBXBuildFile; fileRef = 110C00F01E0ECFA00017E1AE /* DetailVC.swift */; };
		110C00F51E0EEC780017E1AE /* WebViewVC.swift in Sources */ = {isa = PBXBuildFile; fileRef = 110C00F41E0EEC780017E1AE /* WebViewVC.swift */; };
		1145DE4E1DF28BB8001EBB5C /* AppDelegate.swift in Sources */ = {isa = PBXBuildFile; fileRef = 1145DE4D1DF28BB8001EBB5C /* AppDelegate.swift */; };
		1145DE531DF28BB8001EBB5C /* Main.storyboard in Resources */ = {isa = PBXBuildFile; fileRef = 1145DE511DF28BB8001EBB5C /* Main.storyboard */; };
		1145DE551DF28BB8001EBB5C /* Assets.xcassets in Resources */ = {isa = PBXBuildFile; fileRef = 1145DE541DF28BB8001EBB5C /* Assets.xcassets */; };
		1145DE581DF28BB8001EBB5C /* LaunchScreen.storyboard in Resources */ = {isa = PBXBuildFile; fileRef = 1145DE561DF28BB8001EBB5C /* LaunchScreen.storyboard */; };
		1145DE631DF28BB8001EBB5C /* BookLoverTests.swift in Sources */ = {isa = PBXBuildFile; fileRef = 1145DE621DF28BB8001EBB5C /* BookLoverTests.swift */; };
		1145DE6E1DF28BB8001EBB5C /* BookLoverUITests.swift in Sources */ = {isa = PBXBuildFile; fileRef = 1145DE6D1DF28BB8001EBB5C /* BookLoverUITests.swift */; };
		1145DE7C1DF28CD7001EBB5C /* GoodreadsAPI.swift in Sources */ = {isa = PBXBuildFile; fileRef = 1145DE7B1DF28CD7001EBB5C /* GoodreadsAPI.swift */; };
		11505D8F1E0D72E60026EBE5 /* BestsellerGetter.swift in Sources */ = {isa = PBXBuildFile; fileRef = 11505D8E1E0D72E60026EBE5 /* BestsellerGetter.swift */; };
		119E4FCB1DFC68920025DD70 /* slantedbooks.jpg in Resources */ = {isa = PBXBuildFile; fileRef = 119E4FC61DFC68920025DD70 /* slantedbooks.jpg */; };
		119E4FCC1DFC68920025DD70 /* openbooks.jpg in Resources */ = {isa = PBXBuildFile; fileRef = 119E4FC71DFC68920025DD70 /* openbooks.jpg */; };
		119E4FCD1DFC68920025DD70 /* bookslinedup.jpg in Resources */ = {isa = PBXBuildFile; fileRef = 119E4FC81DFC68920025DD70 /* bookslinedup.jpg */; };
		119E4FCE1DFC68920025DD70 /* crowdedbooks.jpg in Resources */ = {isa = PBXBuildFile; fileRef = 119E4FC91DFC68920025DD70 /* crowdedbooks.jpg */; };
		119E4FCF1DFC68920025DD70 /* book.jpg in Resources */ = {isa = PBXBuildFile; fileRef = 119E4FCA1DFC68920025DD70 /* book.jpg */; };
		119E4FD51DFC6B0C0025DD70 /* BookLoverPageVC.swift in Sources */ = {isa = PBXBuildFile; fileRef = 119E4FD41DFC6B0C0025DD70 /* BookLoverPageVC.swift */; };
		119E4FD71DFC6BCD0025DD70 /* CodeScanner.storyboard in Resources */ = {isa = PBXBuildFile; fileRef = 119E4FD61DFC6BCD0025DD70 /* CodeScanner.storyboard */; };
		119E4FDB1DFC70770025DD70 /* bookshop.jpg in Resources */ = {isa = PBXBuildFile; fileRef = 119E4FD81DFC70770025DD70 /* bookshop.jpg */; };
		119E4FDC1DFC70770025DD70 /* oldschool.jpg in Resources */ = {isa = PBXBuildFile; fileRef = 119E4FD91DFC70770025DD70 /* oldschool.jpg */; };
		119E4FDD1DFC70770025DD70 /* books2.jpg in Resources */ = {isa = PBXBuildFile; fileRef = 119E4FDA1DFC70770025DD70 /* books2.jpg */; };
		11A0B22A1DFEDB9A00A13AAA /* ScannerController.swift in Sources */ = {isa = PBXBuildFile; fileRef = 11A0B2291DFEDB9A00A13AAA /* ScannerController.swift */; };
		B6D59790CA236B3B0CEFFE25 /* Pods_BookLover.framework in Frameworks */ = {isa = PBXBuildFile; fileRef = 7146FD7E6E1D37EB08684CBD /* Pods_BookLover.framework */; };
/* End PBXBuildFile section */

/* Begin PBXContainerItemProxy section */
		1145DE5F1DF28BB8001EBB5C /* PBXContainerItemProxy */ = {
			isa = PBXContainerItemProxy;
			containerPortal = 1145DE421DF28BB7001EBB5C /* Project object */;
			proxyType = 1;
			remoteGlobalIDString = 1145DE491DF28BB7001EBB5C;
			remoteInfo = BookLover;
		};
		1145DE6A1DF28BB8001EBB5C /* PBXContainerItemProxy */ = {
			isa = PBXContainerItemProxy;
			containerPortal = 1145DE421DF28BB7001EBB5C /* Project object */;
			proxyType = 1;
			remoteGlobalIDString = 1145DE491DF28BB7001EBB5C;
			remoteInfo = BookLover;
		};
/* End PBXContainerItemProxy section */

/* Begin PBXFileReference section */
		110C00F01E0ECFA00017E1AE /* DetailVC.swift */ = {isa = PBXFileReference; fileEncoding = 4; lastKnownFileType = sourcecode.swift; path = DetailVC.swift; sourceTree = "<group>"; };
		110C00F41E0EEC780017E1AE /* WebViewVC.swift */ = {isa = PBXFileReference; fileEncoding = 4; lastKnownFileType = sourcecode.swift; path = WebViewVC.swift; sourceTree = "<group>"; };
		1145DE4A1DF28BB8001EBB5C /* BookLover.app */ = {isa = PBXFileReference; explicitFileType = wrapper.application; includeInIndex = 0; path = BookLover.app; sourceTree = BUILT_PRODUCTS_DIR; };
		1145DE4D1DF28BB8001EBB5C /* AppDelegate.swift */ = {isa = PBXFileReference; lastKnownFileType = sourcecode.swift; path = AppDelegate.swift; sourceTree = "<group>"; };
		1145DE521DF28BB8001EBB5C /* Base */ = {isa = PBXFileReference; lastKnownFileType = file.storyboard; name = Base; path = Base.lproj/Main.storyboard; sourceTree = "<group>"; };
		1145DE541DF28BB8001EBB5C /* Assets.xcassets */ = {isa = PBXFileReference; lastKnownFileType = folder.assetcatalog; path = Assets.xcassets; sourceTree = "<group>"; };
		1145DE571DF28BB8001EBB5C /* Base */ = {isa = PBXFileReference; lastKnownFileType = file.storyboard; name = Base; path = Base.lproj/LaunchScreen.storyboard; sourceTree = "<group>"; };
		1145DE591DF28BB8001EBB5C /* Info.plist */ = {isa = PBXFileReference; lastKnownFileType = text.plist.xml; path = Info.plist; sourceTree = "<group>"; };
		1145DE5E1DF28BB8001EBB5C /* BookLoverTests.xctest */ = {isa = PBXFileReference; explicitFileType = wrapper.cfbundle; includeInIndex = 0; path = BookLoverTests.xctest; sourceTree = BUILT_PRODUCTS_DIR; };
		1145DE621DF28BB8001EBB5C /* BookLoverTests.swift */ = {isa = PBXFileReference; lastKnownFileType = sourcecode.swift; path = BookLoverTests.swift; sourceTree = "<group>"; };
		1145DE641DF28BB8001EBB5C /* Info.plist */ = {isa = PBXFileReference; lastKnownFileType = text.plist.xml; path = Info.plist; sourceTree = "<group>"; };
		1145DE691DF28BB8001EBB5C /* BookLoverUITests.xctest */ = {isa = PBXFileReference; explicitFileType = wrapper.cfbundle; includeInIndex = 0; path = BookLoverUITests.xctest; sourceTree = BUILT_PRODUCTS_DIR; };
		1145DE6D1DF28BB8001EBB5C /* BookLoverUITests.swift */ = {isa = PBXFileReference; lastKnownFileType = sourcecode.swift; path = BookLoverUITests.swift; sourceTree = "<group>"; };
		1145DE6F1DF28BB8001EBB5C /* Info.plist */ = {isa = PBXFileReference; lastKnownFileType = text.plist.xml; path = Info.plist; sourceTree = "<group>"; };
		1145DE7B1DF28CD7001EBB5C /* GoodreadsAPI.swift */ = {isa = PBXFileReference; fileEncoding = 4; lastKnownFileType = sourcecode.swift; name = GoodreadsAPI.swift; path = ../GoodreadsAPI.swift; sourceTree = "<group>"; };
		11505D8E1E0D72E60026EBE5 /* BestsellerGetter.swift */ = {isa = PBXFileReference; fileEncoding = 4; lastKnownFileType = sourcecode.swift; path = BestsellerGetter.swift; sourceTree = "<group>"; };
		119E4FC61DFC68920025DD70 /* slantedbooks.jpg */ = {isa = PBXFileReference; lastKnownFileType = image.jpeg; name = slantedbooks.jpg; path = ../../../../Downloads/slantedbooks.jpg; sourceTree = "<group>"; };
		119E4FC71DFC68920025DD70 /* openbooks.jpg */ = {isa = PBXFileReference; lastKnownFileType = image.jpeg; name = openbooks.jpg; path = ../../../../Downloads/openbooks.jpg; sourceTree = "<group>"; };
		119E4FC81DFC68920025DD70 /* bookslinedup.jpg */ = {isa = PBXFileReference; lastKnownFileType = image.jpeg; name = bookslinedup.jpg; path = ../../../../Downloads/bookslinedup.jpg; sourceTree = "<group>"; };
		119E4FC91DFC68920025DD70 /* crowdedbooks.jpg */ = {isa = PBXFileReference; lastKnownFileType = image.jpeg; name = crowdedbooks.jpg; path = ../../../../Downloads/crowdedbooks.jpg; sourceTree = "<group>"; };
		119E4FCA1DFC68920025DD70 /* book.jpg */ = {isa = PBXFileReference; lastKnownFileType = image.jpeg; name = book.jpg; path = ../../../../Downloads/book.jpg; sourceTree = "<group>"; };
		119E4FD41DFC6B0C0025DD70 /* BookLoverPageVC.swift */ = {isa = PBXFileReference; fileEncoding = 4; lastKnownFileType = sourcecode.swift; path = BookLoverPageVC.swift; sourceTree = "<group>"; };
		119E4FD61DFC6BCD0025DD70 /* CodeScanner.storyboard */ = {isa = PBXFileReference; fileEncoding = 4; lastKnownFileType = file.storyboard; path = CodeScanner.storyboard; sourceTree = "<group>"; };
		119E4FD81DFC70770025DD70 /* bookshop.jpg */ = {isa = PBXFileReference; lastKnownFileType = image.jpeg; name = bookshop.jpg; path = ../../../../Downloads/bookshop.jpg; sourceTree = "<group>"; };
		119E4FD91DFC70770025DD70 /* oldschool.jpg */ = {isa = PBXFileReference; lastKnownFileType = image.jpeg; name = oldschool.jpg; path = ../../../../Downloads/oldschool.jpg; sourceTree = "<group>"; };
		119E4FDA1DFC70770025DD70 /* books2.jpg */ = {isa = PBXFileReference; lastKnownFileType = image.jpeg; name = books2.jpg; path = ../../../../Downloads/books2.jpg; sourceTree = "<group>"; };
		11A0B2291DFEDB9A00A13AAA /* ScannerController.swift */ = {isa = PBXFileReference; fileEncoding = 4; lastKnownFileType = sourcecode.swift; path = ScannerController.swift; sourceTree = "<group>"; };
		29B886B61605E527A34936A1 /* Pods-BookLover.release.xcconfig */ = {isa = PBXFileReference; includeInIndex = 1; lastKnownFileType = text.xcconfig; name = "Pods-BookLover.release.xcconfig"; path = "Pods/Target Support Files/Pods-BookLover/Pods-BookLover.release.xcconfig"; sourceTree = "<group>"; };
		7146FD7E6E1D37EB08684CBD /* Pods_BookLover.framework */ = {isa = PBXFileReference; explicitFileType = wrapper.framework; includeInIndex = 0; path = Pods_BookLover.framework; sourceTree = BUILT_PRODUCTS_DIR; };
		B13C07A86A1EE4CB9D5AC278 /* Pods-BookLover.debug.xcconfig */ = {isa = PBXFileReference; includeInIndex = 1; lastKnownFileType = text.xcconfig; name = "Pods-BookLover.debug.xcconfig"; path = "Pods/Target Support Files/Pods-BookLover/Pods-BookLover.debug.xcconfig"; sourceTree = "<group>"; };
/* End PBXFileReference section */

/* Begin PBXFrameworksBuildPhase section */
		1145DE471DF28BB7001EBB5C /* Frameworks */ = {
			isa = PBXFrameworksBuildPhase;
			buildActionMask = 2147483647;
			files = (
				B6D59790CA236B3B0CEFFE25 /* Pods_BookLover.framework in Frameworks */,
			);
			runOnlyForDeploymentPostprocessing = 0;
		};
		1145DE5B1DF28BB8001EBB5C /* Frameworks */ = {
			isa = PBXFrameworksBuildPhase;
			buildActionMask = 2147483647;
			files = (
			);
			runOnlyForDeploymentPostprocessing = 0;
		};
		1145DE661DF28BB8001EBB5C /* Frameworks */ = {
			isa = PBXFrameworksBuildPhase;
			buildActionMask = 2147483647;
			files = (
			);
			runOnlyForDeploymentPostprocessing = 0;
		};
/* End PBXFrameworksBuildPhase section */

/* Begin PBXGroup section */
		1145DE411DF28BB7001EBB5C = {
			isa = PBXGroup;
			children = (
				1145DE4C1DF28BB8001EBB5C /* BookLover */,
				1145DE611DF28BB8001EBB5C /* BookLoverTests */,
				1145DE6C1DF28BB8001EBB5C /* BookLoverUITests */,
				1145DE4B1DF28BB8001EBB5C /* Products */,
				4D11F72B84A22561BDB423D7 /* Pods */,
				E0FB7D09FF43048F03524DD4 /* Frameworks */,
			);
			sourceTree = "<group>";
		};
		1145DE4B1DF28BB8001EBB5C /* Products */ = {
			isa = PBXGroup;
			children = (
				1145DE4A1DF28BB8001EBB5C /* BookLover.app */,
				1145DE5E1DF28BB8001EBB5C /* BookLoverTests.xctest */,
				1145DE691DF28BB8001EBB5C /* BookLoverUITests.xctest */,
			);
			name = Products;
			sourceTree = "<group>";
		};
		1145DE4C1DF28BB8001EBB5C /* BookLover */ = {
			isa = PBXGroup;
			children = (
				11CB263D1E0B103500DE2E1A /* Application Delegation */,
				119E4FD21DFC6AA00025DD70 /* Model */,
				116554251DFEE71500F3883C /* View Controllers */,
				116554231DFEE6E100F3883C /* Storyboards */,
				1145DE591DF28BB8001EBB5C /* Info.plist */,
				1145DE541DF28BB8001EBB5C /* Assets.xcassets */,
				119E4FD01DFC6A8A0025DD70 /* Photos */,
			);
			path = BookLover;
			sourceTree = "<group>";
		};
		1145DE611DF28BB8001EBB5C /* BookLoverTests */ = {
			isa = PBXGroup;
			children = (
				1145DE621DF28BB8001EBB5C /* BookLoverTests.swift */,
				1145DE641DF28BB8001EBB5C /* Info.plist */,
			);
			path = BookLoverTests;
			sourceTree = "<group>";
		};
		1145DE6C1DF28BB8001EBB5C /* BookLoverUITests */ = {
			isa = PBXGroup;
			children = (
				1145DE6D1DF28BB8001EBB5C /* BookLoverUITests.swift */,
				1145DE6F1DF28BB8001EBB5C /* Info.plist */,
			);
			path = BookLoverUITests;
			sourceTree = "<group>";
		};
		116554231DFEE6E100F3883C /* Storyboards */ = {
			isa = PBXGroup;
			children = (
				1145DE511DF28BB8001EBB5C /* Main.storyboard */,
				119E4FD61DFC6BCD0025DD70 /* CodeScanner.storyboard */,
				1145DE561DF28BB8001EBB5C /* LaunchScreen.storyboard */,
			);
			name = Storyboards;
			sourceTree = "<group>";
		};
		116554251DFEE71500F3883C /* View Controllers */ = {
			isa = PBXGroup;
			children = (
				119E4FD41DFC6B0C0025DD70 /* BookLoverPageVC.swift */,
				11A0B2291DFEDB9A00A13AAA /* ScannerController.swift */,
				110C00F01E0ECFA00017E1AE /* DetailVC.swift */,
				110C00F41E0EEC780017E1AE /* WebViewVC.swift */,
			);
			name = "View Controllers";
			sourceTree = "<group>";
		};
		119E4FD01DFC6A8A0025DD70 /* Photos */ = {
			isa = PBXGroup;
			children = (
				119E4FC61DFC68920025DD70 /* slantedbooks.jpg */,
				119E4FC71DFC68920025DD70 /* openbooks.jpg */,
				119E4FD81DFC70770025DD70 /* bookshop.jpg */,
				119E4FD91DFC70770025DD70 /* oldschool.jpg */,
				119E4FDA1DFC70770025DD70 /* books2.jpg */,
				119E4FC81DFC68920025DD70 /* bookslinedup.jpg */,
				119E4FC91DFC68920025DD70 /* crowdedbooks.jpg */,
				119E4FCA1DFC68920025DD70 /* book.jpg */,
			);
			name = Photos;
			sourceTree = "<group>";
		};
		119E4FD21DFC6AA00025DD70 /* Model */ = {
			isa = PBXGroup;
			children = (
				1145DE7B1DF28CD7001EBB5C /* GoodreadsAPI.swift */,
				11505D8E1E0D72E60026EBE5 /* BestsellerGetter.swift */,
			);
			name = Model;
			sourceTree = "<group>";
		};
		11CB263D1E0B103500DE2E1A /* Application Delegation */ = {
			isa = PBXGroup;
			children = (
				1145DE4D1DF28BB8001EBB5C /* AppDelegate.swift */,
			);
			name = "Application Delegation";
			sourceTree = "<group>";
		};
		4D11F72B84A22561BDB423D7 /* Pods */ = {
			isa = PBXGroup;
			children = (
				B13C07A86A1EE4CB9D5AC278 /* Pods-BookLover.debug.xcconfig */,
				29B886B61605E527A34936A1 /* Pods-BookLover.release.xcconfig */,
			);
			name = Pods;
			sourceTree = "<group>";
		};
		E0FB7D09FF43048F03524DD4 /* Frameworks */ = {
			isa = PBXGroup;
			children = (
				7146FD7E6E1D37EB08684CBD /* Pods_BookLover.framework */,
			);
			name = Frameworks;
			sourceTree = "<group>";
		};
/* End PBXGroup section */

/* Begin PBXNativeTarget section */
		1145DE491DF28BB7001EBB5C /* BookLover */ = {
			isa = PBXNativeTarget;
			buildConfigurationList = 1145DE721DF28BB8001EBB5C /* Build configuration list for PBXNativeTarget "BookLover" */;
			buildPhases = (
				A0C54539F40F808E5C1B7F00 /* [CP] Check Pods Manifest.lock */,
				1145DE461DF28BB7001EBB5C /* Sources */,
				1145DE471DF28BB7001EBB5C /* Frameworks */,
				1145DE481DF28BB7001EBB5C /* Resources */,
				6475A938D2B0CCDC8CA8ADC0 /* [CP] Embed Pods Frameworks */,
				A1D88C5E10854D390F382F9F /* [CP] Copy Pods Resources */,
			);
			buildRules = (
			);
			dependencies = (
			);
			name = BookLover;
			productName = BookLover;
			productReference = 1145DE4A1DF28BB8001EBB5C /* BookLover.app */;
			productType = "com.apple.product-type.application";
		};
		1145DE5D1DF28BB8001EBB5C /* BookLoverTests */ = {
			isa = PBXNativeTarget;
			buildConfigurationList = 1145DE751DF28BB8001EBB5C /* Build configuration list for PBXNativeTarget "BookLoverTests" */;
			buildPhases = (
				1145DE5A1DF28BB8001EBB5C /* Sources */,
				1145DE5B1DF28BB8001EBB5C /* Frameworks */,
				1145DE5C1DF28BB8001EBB5C /* Resources */,
			);
			buildRules = (
			);
			dependencies = (
				1145DE601DF28BB8001EBB5C /* PBXTargetDependency */,
			);
			name = BookLoverTests;
			productName = BookLoverTests;
			productReference = 1145DE5E1DF28BB8001EBB5C /* BookLoverTests.xctest */;
			productType = "com.apple.product-type.bundle.unit-test";
		};
		1145DE681DF28BB8001EBB5C /* BookLoverUITests */ = {
			isa = PBXNativeTarget;
			buildConfigurationList = 1145DE781DF28BB8001EBB5C /* Build configuration list for PBXNativeTarget "BookLoverUITests" */;
			buildPhases = (
				1145DE651DF28BB8001EBB5C /* Sources */,
				1145DE661DF28BB8001EBB5C /* Frameworks */,
				1145DE671DF28BB8001EBB5C /* Resources */,
			);
			buildRules = (
			);
			dependencies = (
				1145DE6B1DF28BB8001EBB5C /* PBXTargetDependency */,
			);
			name = BookLoverUITests;
			productName = BookLoverUITests;
			productReference = 1145DE691DF28BB8001EBB5C /* BookLoverUITests.xctest */;
			productType = "com.apple.product-type.bundle.ui-testing";
		};
/* End PBXNativeTarget section */

/* Begin PBXProject section */
		1145DE421DF28BB7001EBB5C /* Project object */ = {
			isa = PBXProject;
			attributes = {
				LastSwiftUpdateCheck = 0810;
				LastUpgradeCheck = 0810;
				ORGANIZATIONNAME = "Laticia Chance";
				TargetAttributes = {
					1145DE491DF28BB7001EBB5C = {
						CreatedOnToolsVersion = 8.1;
						DevelopmentTeam = TAFW84825Y;
						ProvisioningStyle = Automatic;
					};
					1145DE5D1DF28BB8001EBB5C = {
						CreatedOnToolsVersion = 8.1;
						ProvisioningStyle = Automatic;
						TestTargetID = 1145DE491DF28BB7001EBB5C;
					};
					1145DE681DF28BB8001EBB5C = {
						CreatedOnToolsVersion = 8.1;
						ProvisioningStyle = Automatic;
						TestTargetID = 1145DE491DF28BB7001EBB5C;
					};
				};
			};
			buildConfigurationList = 1145DE451DF28BB7001EBB5C /* Build configuration list for PBXProject "BookLover" */;
			compatibilityVersion = "Xcode 3.2";
			developmentRegion = English;
			hasScannedForEncodings = 0;
			knownRegions = (
				en,
				Base,
			);
			mainGroup = 1145DE411DF28BB7001EBB5C;
			productRefGroup = 1145DE4B1DF28BB8001EBB5C /* Products */;
			projectDirPath = "";
			projectRoot = "";
			targets = (
				1145DE491DF28BB7001EBB5C /* BookLover */,
				1145DE5D1DF28BB8001EBB5C /* BookLoverTests */,
				1145DE681DF28BB8001EBB5C /* BookLoverUITests */,
			);
		};
/* End PBXProject section */

/* Begin PBXResourcesBuildPhase section */
		1145DE481DF28BB7001EBB5C /* Resources */ = {
			isa = PBXResourcesBuildPhase;
			buildActionMask = 2147483647;
			files = (
				119E4FDB1DFC70770025DD70 /* bookshop.jpg in Resources */,
				119E4FDD1DFC70770025DD70 /* books2.jpg in Resources */,
				119E4FDC1DFC70770025DD70 /* oldschool.jpg in Resources */,
				119E4FCD1DFC68920025DD70 /* bookslinedup.jpg in Resources */,
				119E4FCB1DFC68920025DD70 /* slantedbooks.jpg in Resources */,
				119E4FCF1DFC68920025DD70 /* book.jpg in Resources */,
				119E4FCE1DFC68920025DD70 /* crowdedbooks.jpg in Resources */,
				119E4FD71DFC6BCD0025DD70 /* CodeScanner.storyboard in Resources */,
				1145DE581DF28BB8001EBB5C /* LaunchScreen.storyboard in Resources */,
				1145DE551DF28BB8001EBB5C /* Assets.xcassets in Resources */,
				1145DE531DF28BB8001EBB5C /* Main.storyboard in Resources */,
				119E4FCC1DFC68920025DD70 /* openbooks.jpg in Resources */,
			);
			runOnlyForDeploymentPostprocessing = 0;
		};
		1145DE5C1DF28BB8001EBB5C /* Resources */ = {
			isa = PBXResourcesBuildPhase;
			buildActionMask = 2147483647;
			files = (
			);
			runOnlyForDeploymentPostprocessing = 0;
		};
		1145DE671DF28BB8001EBB5C /* Resources */ = {
			isa = PBXResourcesBuildPhase;
			buildActionMask = 2147483647;
			files = (
			);
			runOnlyForDeploymentPostprocessing = 0;
		};
/* End PBXResourcesBuildPhase section */

/* Begin PBXShellScriptBuildPhase section */
		6475A938D2B0CCDC8CA8ADC0 /* [CP] Embed Pods Frameworks */ = {
			isa = PBXShellScriptBuildPhase;
			buildActionMask = 2147483647;
			files = (
			);
			inputPaths = (
			);
			name = "[CP] Embed Pods Frameworks";
			outputPaths = (
			);
			runOnlyForDeploymentPostprocessing = 0;
			shellPath = /bin/sh;
			shellScript = "\"${SRCROOT}/Pods/Target Support Files/Pods-BookLover/Pods-BookLover-frameworks.sh\"\n";
			showEnvVarsInLog = 0;
		};
		A0C54539F40F808E5C1B7F00 /* [CP] Check Pods Manifest.lock */ = {
			isa = PBXShellScriptBuildPhase;
			buildActionMask = 2147483647;
			files = (
			);
			inputPaths = (
			);
			name = "[CP] Check Pods Manifest.lock";
			outputPaths = (
			);
			runOnlyForDeploymentPostprocessing = 0;
			shellPath = /bin/sh;
			shellScript = "diff \"${PODS_ROOT}/../Podfile.lock\" \"${PODS_ROOT}/Manifest.lock\" > /dev/null\nif [ $? != 0 ] ; then\n    # print error to STDERR\n    echo \"error: The sandbox is not in sync with the Podfile.lock. Run 'pod install' or update your CocoaPods installation.\" >&2\n    exit 1\nfi\n";
			showEnvVarsInLog = 0;
		};
		A1D88C5E10854D390F382F9F /* [CP] Copy Pods Resources */ = {
			isa = PBXShellScriptBuildPhase;
			buildActionMask = 2147483647;
			files = (
			);
			inputPaths = (
			);
			name = "[CP] Copy Pods Resources";
			outputPaths = (
			);
			runOnlyForDeploymentPostprocessing = 0;
			shellPath = /bin/sh;
			shellScript = "\"${SRCROOT}/Pods/Target Support Files/Pods-BookLover/Pods-BookLover-resources.sh\"\n";
			showEnvVarsInLog = 0;
		};
/* End PBXShellScriptBuildPhase section */

/* Begin PBXSourcesBuildPhase section */
		1145DE461DF28BB7001EBB5C /* Sources */ = {
			isa = PBXSourcesBuildPhase;
			buildActionMask = 2147483647;
			files = (
				11505D8F1E0D72E60026EBE5 /* BestsellerGetter.swift in Sources */,
				11A0B22A1DFEDB9A00A13AAA /* ScannerController.swift in Sources */,
				110C00F51E0EEC780017E1AE /* WebViewVC.swift in Sources */,
				119E4FD51DFC6B0C0025DD70 /* BookLoverPageVC.swift in Sources */,
				110C00F11E0ECFA00017E1AE /* DetailVC.swift in Sources */,
				1145DE4E1DF28BB8001EBB5C /* AppDelegate.swift in Sources */,
				1145DE7C1DF28CD7001EBB5C /* GoodreadsAPI.swift in Sources */,
			);
			runOnlyForDeploymentPostprocessing = 0;
		};
		1145DE5A1DF28BB8001EBB5C /* Sources */ = {
			isa = PBXSourcesBuildPhase;
			buildActionMask = 2147483647;
			files = (
				1145DE631DF28BB8001EBB5C /* BookLoverTests.swift in Sources */,
			);
			runOnlyForDeploymentPostprocessing = 0;
		};
		1145DE651DF28BB8001EBB5C /* Sources */ = {
			isa = PBXSourcesBuildPhase;
			buildActionMask = 2147483647;
			files = (
				1145DE6E1DF28BB8001EBB5C /* BookLoverUITests.swift in Sources */,
			);
			runOnlyForDeploymentPostprocessing = 0;
		};
/* End PBXSourcesBuildPhase section */

/* Begin PBXTargetDependency section */
		1145DE601DF28BB8001EBB5C /* PBXTargetDependency */ = {
			isa = PBXTargetDependency;
			target = 1145DE491DF28BB7001EBB5C /* BookLover */;
			targetProxy = 1145DE5F1DF28BB8001EBB5C /* PBXContainerItemProxy */;
		};
		1145DE6B1DF28BB8001EBB5C /* PBXTargetDependency */ = {
			isa = PBXTargetDependency;
			target = 1145DE491DF28BB7001EBB5C /* BookLover */;
			targetProxy = 1145DE6A1DF28BB8001EBB5C /* PBXContainerItemProxy */;
		};
/* End PBXTargetDependency section */

/* Begin PBXVariantGroup section */
		1145DE511DF28BB8001EBB5C /* Main.storyboard */ = {
			isa = PBXVariantGroup;
			children = (
				1145DE521DF28BB8001EBB5C /* Base */,
			);
			name = Main.storyboard;
			sourceTree = "<group>";
		};
		1145DE561DF28BB8001EBB5C /* LaunchScreen.storyboard */ = {
			isa = PBXVariantGroup;
			children = (
				1145DE571DF28BB8001EBB5C /* Base */,
			);
			name = LaunchScreen.storyboard;
			sourceTree = "<group>";
		};
/* End PBXVariantGroup section */

/* Begin XCBuildConfiguration section */
		1145DE701DF28BB8001EBB5C /* Debug */ = {
			isa = XCBuildConfiguration;
			buildSettings = {
				ALWAYS_SEARCH_USER_PATHS = NO;
				CLANG_ANALYZER_NONNULL = YES;
				CLANG_CXX_LANGUAGE_STANDARD = "gnu++0x";
				CLANG_CXX_LIBRARY = "libc++";
				CLANG_ENABLE_MODULES = YES;
				CLANG_ENABLE_OBJC_ARC = YES;
				CLANG_WARN_BOOL_CONVERSION = YES;
				CLANG_WARN_CONSTANT_CONVERSION = YES;
				CLANG_WARN_DIRECT_OBJC_ISA_USAGE = YES_ERROR;
				CLANG_WARN_DOCUMENTATION_COMMENTS = YES;
				CLANG_WARN_EMPTY_BODY = YES;
				CLANG_WARN_ENUM_CONVERSION = YES;
				CLANG_WARN_INFINITE_RECURSION = YES;
				CLANG_WARN_INT_CONVERSION = YES;
				CLANG_WARN_OBJC_ROOT_CLASS = YES_ERROR;
				CLANG_WARN_SUSPICIOUS_MOVE = YES;
				CLANG_WARN_SUSPICIOUS_MOVES = YES;
				CLANG_WARN_UNREACHABLE_CODE = YES;
				CLANG_WARN__DUPLICATE_METHOD_MATCH = YES;
				"CODE_SIGN_IDENTITY[sdk=iphoneos*]" = "iPhone Developer";
				COPY_PHASE_STRIP = NO;
				DEBUG_INFORMATION_FORMAT = dwarf;
				ENABLE_STRICT_OBJC_MSGSEND = YES;
				ENABLE_TESTABILITY = YES;
				GCC_C_LANGUAGE_STANDARD = gnu99;
				GCC_DYNAMIC_NO_PIC = NO;
				GCC_NO_COMMON_BLOCKS = YES;
				GCC_OPTIMIZATION_LEVEL = 0;
				GCC_PREPROCESSOR_DEFINITIONS = (
					"DEBUG=1",
					"$(inherited)",
				);
				GCC_WARN_64_TO_32_BIT_CONVERSION = YES;
				GCC_WARN_ABOUT_RETURN_TYPE = YES_ERROR;
				GCC_WARN_UNDECLARED_SELECTOR = YES;
				GCC_WARN_UNINITIALIZED_AUTOS = YES_AGGRESSIVE;
				GCC_WARN_UNUSED_FUNCTION = YES;
				GCC_WARN_UNUSED_VARIABLE = YES;
				IPHONEOS_DEPLOYMENT_TARGET = 10.1;
				MTL_ENABLE_DEBUG_INFO = YES;
				ONLY_ACTIVE_ARCH = YES;
				SDKROOT = iphoneos;
				SWIFT_ACTIVE_COMPILATION_CONDITIONS = DEBUG;
				SWIFT_OPTIMIZATION_LEVEL = "-Onone";
				TARGETED_DEVICE_FAMILY = "1,2";
			};
			name = Debug;
		};
		1145DE711DF28BB8001EBB5C /* Release */ = {
			isa = XCBuildConfiguration;
			buildSettings = {
				ALWAYS_SEARCH_USER_PATHS = NO;
				CLANG_ANALYZER_NONNULL = YES;
				CLANG_CXX_LANGUAGE_STANDARD = "gnu++0x";
				CLANG_CXX_LIBRARY = "libc++";
				CLANG_ENABLE_MODULES = YES;
				CLANG_ENABLE_OBJC_ARC = YES;
				CLANG_WARN_BOOL_CONVERSION = YES;
				CLANG_WARN_CONSTANT_CONVERSION = YES;
				CLANG_WARN_DIRECT_OBJC_ISA_USAGE = YES_ERROR;
				CLANG_WARN_DOCUMENTATION_COMMENTS = YES;
				CLANG_WARN_EMPTY_BODY = YES;
				CLANG_WARN_ENUM_CONVERSION = YES;
				CLANG_WARN_INFINITE_RECURSION = YES;
				CLANG_WARN_INT_CONVERSION = YES;
				CLANG_WARN_OBJC_ROOT_CLASS = YES_ERROR;
				CLANG_WARN_SUSPICIOUS_MOVE = YES;
				CLANG_WARN_SUSPICIOUS_MOVES = YES;
				CLANG_WARN_UNREACHABLE_CODE = YES;
				CLANG_WARN__DUPLICATE_METHOD_MATCH = YES;
				"CODE_SIGN_IDENTITY[sdk=iphoneos*]" = "iPhone Developer";
				COPY_PHASE_STRIP = NO;
				DEBUG_INFORMATION_FORMAT = "dwarf-with-dsym";
				ENABLE_NS_ASSERTIONS = NO;
				ENABLE_STRICT_OBJC_MSGSEND = YES;
				GCC_C_LANGUAGE_STANDARD = gnu99;
				GCC_NO_COMMON_BLOCKS = YES;
				GCC_WARN_64_TO_32_BIT_CONVERSION = YES;
				GCC_WARN_ABOUT_RETURN_TYPE = YES_ERROR;
				GCC_WARN_UNDECLARED_SELECTOR = YES;
				GCC_WARN_UNINITIALIZED_AUTOS = YES_AGGRESSIVE;
				GCC_WARN_UNUSED_FUNCTION = YES;
				GCC_WARN_UNUSED_VARIABLE = YES;
				IPHONEOS_DEPLOYMENT_TARGET = 10.1;
				MTL_ENABLE_DEBUG_INFO = NO;
				SDKROOT = iphoneos;
				SWIFT_OPTIMIZATION_LEVEL = "-Owholemodule";
				TARGETED_DEVICE_FAMILY = "1,2";
				VALIDATE_PRODUCT = YES;
			};
			name = Release;
		};
		1145DE731DF28BB8001EBB5C /* Debug */ = {
			isa = XCBuildConfiguration;
			baseConfigurationReference = B13C07A86A1EE4CB9D5AC278 /* Pods-BookLover.debug.xcconfig */;
			buildSettings = {
				ALWAYS_EMBED_SWIFT_STANDARD_LIBRARIES = YES;
				ASSETCATALOG_COMPILER_APPICON_NAME = "AppIcon-2";
				DEVELOPMENT_TEAM = TAFW84825Y;
				INFOPLIST_FILE = BookLover/Info.plist;
				LD_RUNPATH_SEARCH_PATHS = "$(inherited) @executable_path/Frameworks";
				PRODUCT_BUNDLE_IDENTIFIER = com.ElectricChance.BookLover;
				PRODUCT_NAME = "$(TARGET_NAME)";
				SWIFT_VERSION = 3.0;
				TARGETED_DEVICE_FAMILY = 1;
			};
			name = Debug;
		};
		1145DE741DF28BB8001EBB5C /* Release */ = {
			isa = XCBuildConfiguration;
			baseConfigurationReference = 29B886B61605E527A34936A1 /* Pods-BookLover.release.xcconfig */;
			buildSettings = {
				ALWAYS_EMBED_SWIFT_STANDARD_LIBRARIES = YES;
				ASSETCATALOG_COMPILER_APPICON_NAME = "AppIcon-2";
				DEVELOPMENT_TEAM = TAFW84825Y;
				INFOPLIST_FILE = BookLover/Info.plist;
				LD_RUNPATH_SEARCH_PATHS = "$(inherited) @executable_path/Frameworks";
				PRODUCT_BUNDLE_IDENTIFIER = com.ElectricChance.BookLover;
				PRODUCT_NAME = "$(TARGET_NAME)";
				SWIFT_VERSION = 3.0;
				TARGETED_DEVICE_FAMILY = 1;
			};
			name = Release;
		};
		1145DE761DF28BB8001EBB5C /* Debug */ = {
			isa = XCBuildConfiguration;
			buildSettings = {
				ALWAYS_EMBED_SWIFT_STANDARD_LIBRARIES = YES;
				BUNDLE_LOADER = "$(TEST_HOST)";
				INFOPLIST_FILE = BookLoverTests/Info.plist;
				LD_RUNPATH_SEARCH_PATHS = "$(inherited) @executable_path/Frameworks @loader_path/Frameworks";
				PRODUCT_BUNDLE_IDENTIFIER = com.ElectricChance.BookLoverTests;
				PRODUCT_NAME = "$(TARGET_NAME)";
				SWIFT_VERSION = 3.0;
				TEST_HOST = "$(BUILT_PRODUCTS_DIR)/BookLover.app/BookLover";
			};
			name = Debug;
		};
		1145DE771DF28BB8001EBB5C /* Release */ = {
			isa = XCBuildConfiguration;
			buildSettings = {
				ALWAYS_EMBED_SWIFT_STANDARD_LIBRARIES = YES;
				BUNDLE_LOADER = "$(TEST_HOST)";
				INFOPLIST_FILE = BookLoverTests/Info.plist;
				LD_RUNPATH_SEARCH_PATHS = "$(inherited) @executable_path/Frameworks @loader_path/Frameworks";
				PRODUCT_BUNDLE_IDENTIFIER = com.ElectricChance.BookLoverTests;
				PRODUCT_NAME = "$(TARGET_NAME)";
				SWIFT_VERSION = 3.0;
				TEST_HOST = "$(BUILT_PRODUCTS_DIR)/BookLover.app/BookLover";
			};
			name = Release;
		};
		1145DE791DF28BB8001EBB5C /* Debug */ = {
			isa = XCBuildConfiguration;
			buildSettings = {
				ALWAYS_EMBED_SWIFT_STANDARD_LIBRARIES = YES;
				INFOPLIST_FILE = BookLoverUITests/Info.plist;
				LD_RUNPATH_SEARCH_PATHS = "$(inherited) @executable_path/Frameworks @loader_path/Frameworks";
				PRODUCT_BUNDLE_IDENTIFIER = com.ElectricChance.BookLoverUITests;
				PRODUCT_NAME = "$(TARGET_NAME)";
				SWIFT_VERSION = 3.0;
				TEST_TARGET_NAME = BookLover;
			};
			name = Debug;
		};
		1145DE7A1DF28BB8001EBB5C /* Release */ = {
			isa = XCBuildConfiguration;
			buildSettings = {
				ALWAYS_EMBED_SWIFT_STANDARD_LIBRARIES = YES;
				INFOPLIST_FILE = BookLoverUITests/Info.plist;
				LD_RUNPATH_SEARCH_PATHS = "$(inherited) @executable_path/Frameworks @loader_path/Frameworks";
				PRODUCT_BUNDLE_IDENTIFIER = com.ElectricChance.BookLoverUITests;
				PRODUCT_NAME = "$(TARGET_NAME)";
				SWIFT_VERSION = 3.0;
				TEST_TARGET_NAME = BookLover;
			};
			name = Release;
		};
/* End XCBuildConfiguration section */

/* Begin XCConfigurationList section */
		1145DE451DF28BB7001EBB5C /* Build configuration list for PBXProject "BookLover" */ = {
			isa = XCConfigurationList;
			buildConfigurations = (
				1145DE701DF28BB8001EBB5C /* Debug */,
				1145DE711DF28BB8001EBB5C /* Release */,
			);
			defaultConfigurationIsVisible = 0;
			defaultConfigurationName = Release;
		};
		1145DE721DF28BB8001EBB5C /* Build configuration list for PBXNativeTarget "BookLover" */ = {
			isa = XCConfigurationList;
			buildConfigurations = (
				1145DE731DF28BB8001EBB5C /* Debug */,
				1145DE741DF28BB8001EBB5C /* Release */,
			);
			defaultConfigurationIsVisible = 0;
			defaultConfigurationName = Release;
		};
		1145DE751DF28BB8001EBB5C /* Build configuration list for PBXNativeTarget "BookLoverTests" */ = {
			isa = XCConfigurationList;
			buildConfigurations = (
				1145DE761DF28BB8001EBB5C /* Debug */,
				1145DE771DF28BB8001EBB5C /* Release */,
			);
			defaultConfigurationIsVisible = 0;
			defaultConfigurationName = Release;
		};
		1145DE781DF28BB8001EBB5C /* Build configuration list for PBXNativeTarget "BookLoverUITests" */ = {
			isa = XCConfigurationList;
			buildConfigurations = (
				1145DE791DF28BB8001EBB5C /* Debug */,
				1145DE7A1DF28BB8001EBB5C /* Release */,
			);
			defaultConfigurationIsVisible = 0;
			defaultConfigurationName = Release;
		};
/* End XCConfigurationList section */
	};
	rootObject = 1145DE421DF28BB7001EBB5C /* Project object */;
}
